
Microsoft Visual Studio Solution File, Format Version 12.00
# Visual Studio Version 16
VisualStudioVersion = 16.0.30717.126
MinimumVisualStudioVersion = 10.0.40219.1
Project("{FAE04EC0-301F-11D3-BF4B-00C04F79EFBC}") = "EAD1_CA3_X00149830", "EAD1_CA3_X00149830\EAD1_CA3_X00149830.csproj", "{C7724D88-F397-460F-8529-548A8002DD74}"
EndProject
Global
	GlobalSection(SolutionConfigurationPlatforms) = preSolution
		Debug|Any CPU = Debug|Any CPU
		Release|Any CPU = Release|Any CPU
	EndGlobalSection
	GlobalSection(ProjectConfigurationPlatforms) = postSolution
		{C7724D88-F397-460F-8529-548A8002DD74}.Debug|Any CPU.ActiveCfg = Debug|Any CPU
		{C7724D88-F397-460F-8529-548A8002DD74}.Debug|Any CPU.Build.0 = Debug|Any CPU
		{C7724D88-F397-460F-8529-548A8002DD74}.Release|Any CPU.ActiveCfg = Release|Any CPU
		{C7724D88-F397-460F-8529-548A8002DD74}.Release|Any CPU.Build.0 = Release|Any CPU
	EndGlobalSection
	GlobalSection(SolutionProperties) = preSolution
		HideSolutionNode = FALSE
	EndGlobalSection
	GlobalSection(ExtensibilityGlobals) = postSolution
		SolutionGuid = {D50D3DAA-F1FD-46AD-8565-84A2C1FACE57}
	EndGlobalSection
EndGlobal
